
Microsoft Visual Studio Solution File, Format Version 12.00
# Visual Studio Version 16
VisualStudioVersion = 16.0.30413.136
MinimumVisualStudioVersion = 10.0.40219.1
Project("{9A19103F-16F7-4668-BE54-9A1E7A4F7556}") = "ShotLab", "ShotLab\ShotLab.csproj", "{B2A30BAF-5AF7-41C0-A511-E1A804D1CC15}"
EndProject
Global
	GlobalSection(SolutionConfigurationPlatforms) = preSolution
		Debug|Any CPU = Debug|Any CPU
		Release|Any CPU = Release|Any CPU
	EndGlobalSection
	GlobalSection(ProjectConfigurationPlatforms) = postSolution
		{B2A30BAF-5AF7-41C0-A511-E1A804D1CC15}.Debug|Any CPU.ActiveCfg = Debug|Any CPU
		{B2A30BAF-5AF7-41C0-A511-E1A804D1CC15}.Debug|Any CPU.Build.0 = Debug|Any CPU
		{B2A30BAF-5AF7-41C0-A511-E1A804D1CC15}.Release|Any CPU.ActiveCfg = Release|Any CPU
		{B2A30BAF-5AF7-41C0-A511-E1A804D1CC15}.Release|Any CPU.Build.0 = Release|Any CPU
	EndGlobalSection
	GlobalSection(SolutionProperties) = preSolution
		HideSolutionNode = FALSE
	EndGlobalSection
	GlobalSection(ExtensibilityGlobals) = postSolution
		SolutionGuid = {29B2B7D6-CDFE-4B88-A377-3C7CA5684251}
	EndGlobalSection
EndGlobal
